// !$*UTF8*$!
{
	archiveVersion = 1;
	classes = {
	};
	objectVersion = 77;
	objects = {

/* Begin PBXBuildFile section */
		2F14B70F2F7EA6DC00DE5212 /* WidgetKit.framework in Frameworks */ = {isa = PBXBuildFile; fileRef = 2F14B6912F7EA17300DE5212 /* WidgetKit.framework */; };
		2F14B7102F7EA6DC00DE5212 /* SwiftUI.framework in Frameworks */ = {isa = PBXBuildFile; fileRef = 2F14B6932F7EA17300DE5212 /* SwiftUI.framework */; };
		2F14B71B2F7EA6DE00DE5212 /* WidgetExtensionExtension.appex in Embed Foundation Extensions */ = {isa = PBXBuildFile; fileRef = 2F14B70E2F7EA6DC00DE5212 /* WidgetExtensionExtension.appex */; settings = {ATTRIBUTES = (RemoveHeadersOnCopy, ); }; };
		2F14B7232F7EA6FD00DE5212 /* MagicWidget in Frameworks */ = {isa = PBXBuildFile; productRef = 2F14B7222F7EA6FD00DE5212 /* MagicWidget */; };
		2F14B72D2F7EAB5B00DE5212 /* MagicWidget in Frameworks */ = {isa = PBXBuildFile; productRef = 2F14B72C2F7EAB5B00DE5212 /* MagicWidget */; };
		2F529F662F83C927008DBC6A /* meow0.wav in Resources */ = {isa = PBXBuildFile; fileRef = 2F529F652F83C927008DBC6A /* meow0.wav */; };
		2F529F692F83CB0A008DBC6A /* meow2.wav in Resources */ = {isa = PBXBuildFile; fileRef = 2F529F682F83CB0A008DBC6A /* meow2.wav */; };
		2F529F6A2F83CB0A008DBC6A /* meow1.wav in Resources */ = {isa = PBXBuildFile; fileRef = 2F529F672F83CB0A008DBC6A /* meow1.wav */; };
/* End PBXBuildFile section */

/* Begin PBXContainerItemProxy section */
		2F14B7192F7EA6DE00DE5212 /* PBXContainerItemProxy */ = {
			isa = PBXContainerItemProxy;
			containerPortal = 2F14B6752F7EA07A00DE5212 /* Project object */;
			proxyType = 1;
			remoteGlobalIDString = 2F14B70D2F7EA6DC00DE5212;
			remoteInfo = WidgetExtensionExtension;
		};
/* End PBXContainerItemProxy section */

/* Begin PBXCopyFilesBuildPhase section */
		2F14B6A42F7EA17500DE5212 /* Embed Foundation Extensions */ = {
			isa = PBXCopyFilesBuildPhase;
			buildActionMask = 2147483647;
			dstPath = "";
			dstSubfolderSpec = 13;
			files = (
				2F14B71B2F7EA6DE00DE5212 /* WidgetExtensionExtension.appex in Embed Foundation Extensions */,
			);
			name = "Embed Foundation Extensions";
			runOnlyForDeploymentPostprocessing = 0;
		};
/* End PBXCopyFilesBuildPhase section */

/* Begin PBXFileReference section */
		2F14B67D2F7EA07A00DE5212 /* Remote Widget.app */ = {isa = PBXFileReference; explicitFileType = wrapper.application; includeInIndex = 0; path = "Remote Widget.app"; sourceTree = BUILT_PRODUCTS_DIR; };
		2F14B6912F7EA17300DE5212 /* WidgetKit.framework */ = {isa = PBXFileReference; lastKnownFileType = wrapper.framework; name = WidgetKit.framework; path = System/Library/Frameworks/WidgetKit.framework; sourceTree = SDKROOT; };
		2F14B6932F7EA17300DE5212 /* SwiftUI.framework */ = {isa = PBXFileReference; lastKnownFileType = wrapper.framework; name = SwiftUI.framework; path = System/Library/Frameworks/SwiftUI.framework; sourceTree = SDKROOT; };
		2F14B70E2F7EA6DC00DE5212 /* WidgetExtensionExtension.appex */ = {isa = PBXFileReference; explicitFileType = "wrapper.app-extension"; includeInIndex = 0; path = WidgetExtensionExtension.appex; sourceTree = BUILT_PRODUCTS_DIR; };
		2F14B7742F8288E700DE5212 /* WidgetExtensionExtension.entitlements */ = {isa = PBXFileReference; lastKnownFileType = text.plist.entitlements; path = WidgetExtensionExtension.entitlements; sourceTree = "<group>"; };
		2F529F652F83C927008DBC6A /* meow0.wav */ = {isa = PBXFileReference; lastKnownFileType = audio.wav; path = meow0.wav; sourceTree = "<group>"; };
		2F529F672F83CB0A008DBC6A /* meow1.wav */ = {isa = PBXFileReference; lastKnownFileType = audio.wav; path = meow1.wav; sourceTree = "<group>"; };
		2F529F682F83CB0A008DBC6A /* meow2.wav */ = {isa = PBXFileReference; lastKnownFileType = audio.wav; path = meow2.wav; sourceTree = "<group>"; };
/* End PBXFileReference section */

/* Begin PBXFileSystemSynchronizedBuildFileExceptionSet section */
		2F14B71F2F7EA6DE00DE5212 /* Exceptions for "WidgetExtension" folder in "WidgetExtensionExtension" target */ = {
			isa = PBXFileSystemSynchronizedBuildFileExceptionSet;
			membershipExceptions = (
				Info.plist,
			);
			target = 2F14B70D2F7EA6DC00DE5212 /* WidgetExtensionExtension */;
		};
		2F14B77E2F82D3B100DE5212 /* Exceptions for "Remote Widget" folder in "WidgetExtensionExtension" target */ = {
			isa = PBXFileSystemSynchronizedBuildFileExceptionSet;
			membershipExceptions = (
				SharedCode/Config.swift,
				SharedCode/LiveActivitySharedCode.swift,
				SharedCode/PushToken.swift,
			);
			target = 2F14B70D2F7EA6DC00DE5212 /* WidgetExtensionExtension */;
		};
/* End PBXFileSystemSynchronizedBuildFileExceptionSet section */

/* Begin PBXFileSystemSynchronizedRootGroup section */
		2F14B67F2F7EA07A00DE5212 /* Remote Widget */ = {
			isa = PBXFileSystemSynchronizedRootGroup;
			exceptions = (
				2F14B77E2F82D3B100DE5212 /* Exceptions for "Remote Widget" folder in "WidgetExtensionExtension" target */,
			);
			path = "Remote Widget";
			sourceTree = "<group>";
		};
		2F14B7112F7EA6DC00DE5212 /* WidgetExtension */ = {
			isa = PBXFileSystemSynchronizedRootGroup;
			exceptions = (
				2F14B71F2F7EA6DE00DE5212 /* Exceptions for "WidgetExtension" folder in "WidgetExtensionExtension" target */,
			);
			path = WidgetExtension;
			sourceTree = "<group>";
		};
/* End PBXFileSystemSynchronizedRootGroup section */

/* Begin PBXFrameworksBuildPhase section */
		2F14B67A2F7EA07A00DE5212 /* Frameworks */ = {
			isa = PBXFrameworksBuildPhase;
			buildActionMask = 2147483647;
			files = (
				2F14B72D2F7EAB5B00DE5212 /* MagicWidget in Frameworks */,
			);
			runOnlyForDeploymentPostprocessing = 0;
		};
		2F14B70B2F7EA6DC00DE5212 /* Frameworks */ = {
			isa = PBXFrameworksBuildPhase;
			buildActionMask = 2147483647;
			files = (
				2F14B7102F7EA6DC00DE5212 /* SwiftUI.framework in Frameworks */,
				2F14B7232F7EA6FD00DE5212 /* MagicWidget in Frameworks */,
				2F14B70F2F7EA6DC00DE5212 /* WidgetKit.framework in Frameworks */,
			);
			runOnlyForDeploymentPostprocessing = 0;
		};
/* End PBXFrameworksBuildPhase section */

/* Begin PBXGroup section */
		2F14B6742F7EA07A00DE5212 = {
			isa = PBXGroup;
			children = (
				2F529F652F83C927008DBC6A /* meow0.wav */,
				2F529F672F83CB0A008DBC6A /* meow1.wav */,
				2F529F682F83CB0A008DBC6A /* meow2.wav */,
				2F14B7742F8288E700DE5212 /* WidgetExtensionExtension.entitlements */,
				2F14B67F2F7EA07A00DE5212 /* Remote Widget */,
				2F14B7112F7EA6DC00DE5212 /* WidgetExtension */,
				2F14B6902F7EA17300DE5212 /* Frameworks */,
				2F14B67E2F7EA07A00DE5212 /* Products */,
			);
			sourceTree = "<group>";
		};
		2F14B67E2F7EA07A00DE5212 /* Products */ = {
			isa = PBXGroup;
			children = (
				2F14B67D2F7EA07A00DE5212 /* Remote Widget.app */,
				2F14B70E2F7EA6DC00DE5212 /* WidgetExtensionExtension.appex */,
			);
			name = Products;
			sourceTree = "<group>";
		};
		2F14B6902F7EA17300DE5212 /* Frameworks */ = {
			isa = PBXGroup;
			children = (
				2F14B6912F7EA17300DE5212 /* WidgetKit.framework */,
				2F14B6932F7EA17300DE5212 /* SwiftUI.framework */,
			);
			name = Frameworks;
			sourceTree = "<group>";
		};
/* End PBXGroup section */

/* Begin PBXNativeTarget section */
		2F14B67C2F7EA07A00DE5212 /* Remote Widget */ = {
			isa = PBXNativeTarget;
			buildConfigurationList = 2F14B6882F7EA07B00DE5212 /* Build configuration list for PBXNativeTarget "Remote Widget" */;
			buildPhases = (
				2F14B6792F7EA07A00DE5212 /* Sources */,
				2F14B67A2F7EA07A00DE5212 /* Frameworks */,
				2F14B67B2F7EA07A00DE5212 /* Resources */,
				2F14B6A42F7EA17500DE5212 /* Embed Foundation Extensions */,
			);
			buildRules = (
			);
			dependencies = (
				2F14B71A2F7EA6DE00DE5212 /* PBXTargetDependency */,
			);
			fileSystemSynchronizedGroups = (
				2F14B67F2F7EA07A00DE5212 /* Remote Widget */,
			);
			name = "Remote Widget";
			packageProductDependencies = (
				2F14B72C2F7EAB5B00DE5212 /* MagicWidget */,
			);
			productName = "Remote Widget";
			productReference = 2F14B67D2F7EA07A00DE5212 /* Remote Widget.app */;
			productType = "com.apple.product-type.application";
		};
		2F14B70D2F7EA6DC00DE5212 /* WidgetExtensionExtension */ = {
			isa = PBXNativeTarget;
			buildConfigurationList = 2F14B71C2F7EA6DE00DE5212 /* Build configuration list for PBXNativeTarget "WidgetExtensionExtension" */;
			buildPhases = (
				2F14B70A2F7EA6DC00DE5212 /* Sources */,
				2F14B70B2F7EA6DC00DE5212 /* Frameworks */,
				2F14B70C2F7EA6DC00DE5212 /* Resources */,
			);
			buildRules = (
			);
			dependencies = (
			);
			fileSystemSynchronizedGroups = (
				2F14B7112F7EA6DC00DE5212 /* WidgetExtension */,
			);
			name = WidgetExtensionExtension;
			packageProductDependencies = (
				2F14B7222F7EA6FD00DE5212 /* MagicWidget */,
			);
			productName = WidgetExtensionExtension;
			productReference = 2F14B70E2F7EA6DC00DE5212 /* WidgetExtensionExtension.appex */;
			productType = "com.apple.product-type.app-extension";
		};
/* End PBXNativeTarget section */

/* Begin PBXProject section */
		2F14B6752F7EA07A00DE5212 /* Project object */ = {
			isa = PBXProject;
			attributes = {
				BuildIndependentTargetsInParallel = 1;
				LastSwiftUpdateCheck = 2640;
				LastUpgradeCheck = 2640;
				TargetAttributes = {
					2F14B67C2F7EA07A00DE5212 = {
						CreatedOnToolsVersion = 26.4;
					};
					2F14B70D2F7EA6DC00DE5212 = {
						CreatedOnToolsVersion = 26.4;
					};
				};
			};
			buildConfigurationList = 2F14B6782F7EA07A00DE5212 /* Build configuration list for PBXProject "Remote Widget" */;
			developmentRegion = en;
			hasScannedForEncodings = 0;
			knownRegions = (
				en,
				Base,
			);
			mainGroup = 2F14B6742F7EA07A00DE5212;
			minimizedProjectReferenceProxies = 1;
			packageReferences = (
				2F14B7212F7EA6FD00DE5212 /* XCRemoteSwiftPackageReference "magicwidget" */,
			);
			preferredProjectObjectVersion = 77;
			productRefGroup = 2F14B67E2F7EA07A00DE5212 /* Products */;
			projectDirPath = "";
			projectRoot = "";
			targets = (
				2F14B67C2F7EA07A00DE5212 /* Remote Widget */,
				2F14B70D2F7EA6DC00DE5212 /* WidgetExtensionExtension */,
			);
		};
/* End PBXProject section */

/* Begin PBXResourcesBuildPhase section */
		2F14B67B2F7EA07A00DE5212 /* Resources */ = {
			isa = PBXResourcesBuildPhase;
			buildActionMask = 2147483647;
			files = (
				2F529F662F83C927008DBC6A /* meow0.wav in Resources */,
				2F529F692F83CB0A008DBC6A /* meow2.wav in Resources */,
				2F529F6A2F83CB0A008DBC6A /* meow1.wav in Resources */,
			);
			runOnlyForDeploymentPostprocessing = 0;
		};
		2F14B70C2F7EA6DC00DE5212 /* Resources */ = {
			isa = PBXResourcesBuildPhase;
			buildActionMask = 2147483647;
			files = (
			);
			runOnlyForDeploymentPostprocessing = 0;
		};
/* End PBXResourcesBuildPhase section */

/* Begin PBXSourcesBuildPhase section */
		2F14B6792F7EA07A00DE5212 /* Sources */ = {
			isa = PBXSourcesBuildPhase;
			buildActionMask = 2147483647;
			files = (
			);
			runOnlyForDeploymentPostprocessing = 0;
		};
		2F14B70A2F7EA6DC00DE5212 /* Sources */ = {
			isa = PBXSourcesBuildPhase;
			buildActionMask = 2147483647;
			files = (
			);
			runOnlyForDeploymentPostprocessing = 0;
		};
/* End PBXSourcesBuildPhase section */

/* Begin PBXTargetDependency section */
		2F14B71A2F7EA6DE00DE5212 /* PBXTargetDependency */ = {
			isa = PBXTargetDependency;
			target = 2F14B70D2F7EA6DC00DE5212 /* WidgetExtensionExtension */;
			targetProxy = 2F14B7192F7EA6DE00DE5212 /* PBXContainerItemProxy */;
		};
/* End PBXTargetDependency section */

/* Begin XCBuildConfiguration section */
		2F14B6862F7EA07B00DE5212 /* Debug */ = {
			isa = XCBuildConfiguration;
			buildSettings = {
				ALWAYS_SEARCH_USER_PATHS = NO;
				ASSETCATALOG_COMPILER_GENERATE_SWIFT_ASSET_SYMBOL_EXTENSIONS = YES;
				CLANG_ANALYZER_NONNULL = YES;
				CLANG_ANALYZER_NUMBER_OBJECT_CONVERSION = YES_AGGRESSIVE;
				CLANG_CXX_LANGUAGE_STANDARD = "gnu++20";
				CLANG_ENABLE_MODULES = YES;
				CLANG_ENABLE_OBJC_ARC = YES;
				CLANG_ENABLE_OBJC_WEAK = YES;
				CLANG_WARN_BLOCK_CAPTURE_AUTORELEASING = YES;
				CLANG_WARN_BOOL_CONVERSION = YES;
				CLANG_WARN_COMMA = YES;
				CLANG_WARN_CONSTANT_CONVERSION = YES;
				CLANG_WARN_DEPRECATED_OBJC_IMPLEMENTATIONS = YES;
				CLANG_WARN_DIRECT_OBJC_ISA_USAGE = YES_ERROR;
				CLANG_WARN_DOCUMENTATION_COMMENTS = YES;
				CLANG_WARN_EMPTY_BODY = YES;
				CLANG_WARN_ENUM_CONVERSION = YES;
				CLANG_WARN_INFINITE_RECURSION = YES;
				CLANG_WARN_INT_CONVERSION = YES;
				CLANG_WARN_NON_LITERAL_NULL_CONVERSION = YES;
				CLANG_WARN_OBJC_IMPLICIT_RETAIN_SELF = YES;
				CLANG_WARN_OBJC_LITERAL_CONVERSION = YES;
				CLANG_WARN_OBJC_ROOT_CLASS = YES_ERROR;
				CLANG_WARN_QUOTED_INCLUDE_IN_FRAMEWORK_HEADER = YES;
				CLANG_WARN_RANGE_LOOP_ANALYSIS = YES;
				CLANG_WARN_STRICT_PROTOTYPES = YES;
				CLANG_WARN_SUSPICIOUS_MOVE = YES;
				CLANG_WARN_UNGUARDED_AVAILABILITY = YES_AGGRESSIVE;
				CLANG_WARN_UNREACHABLE_CODE = YES;
				CLANG_WARN__DUPLICATE_METHOD_MATCH = YES;
				COPY_PHASE_STRIP = NO;
				DEBUG_INFORMATION_FORMAT = dwarf;
				DEVELOPMENT_TEAM = X47885HM53;
				ENABLE_STRICT_OBJC_MSGSEND = YES;
				ENABLE_TESTABILITY = YES;
				ENABLE_USER_SCRIPT_SANDBOXING = YES;
				GCC_C_LANGUAGE_STANDARD = gnu17;
				GCC_DYNAMIC_NO_PIC = NO;
				GCC_NO_COMMON_BLOCKS = YES;
				GCC_OPTIMIZATION_LEVEL = 0;
				GCC_PREPROCESSOR_DEFINITIONS = (
					"DEBUG=1",
					"$(inherited)",
				);
				GCC_WARN_64_TO_32_BIT_CONVERSION = YES;
				GCC_WARN_ABOUT_RETURN_TYPE = YES_ERROR;
				GCC_WARN_UNDECLARED_SELECTOR = YES;
				GCC_WARN_UNINITIALIZED_AUTOS = YES_AGGRESSIVE;
				GCC_WARN_UNUSED_FUNCTION = YES;
				GCC_WARN_UNUSED_VARIABLE = YES;
				IPHONEOS_DEPLOYMENT_TARGET = 26.4;
				LOCALIZATION_PREFERS_STRING_CATALOGS = YES;
				MTL_ENABLE_DEBUG_INFO = INCLUDE_SOURCE;
				MTL_FAST_MATH = YES;
				ONLY_ACTIVE_ARCH = YES;
				SDKROOT = iphoneos;
				SWIFT_ACTIVE_COMPILATION_CONDITIONS = "DEBUG $(inherited)";
				SWIFT_OPTIMIZATION_LEVEL = "-Onone";
			};
			name = Debug;
		};
		2F14B6872F7EA07B00DE5212 /* Release */ = {
			isa = XCBuildConfiguration;
			buildSettings = {
				ALWAYS_SEARCH_USER_PATHS = NO;
				ASSETCATALOG_COMPILER_GENERATE_SWIFT_ASSET_SYMBOL_EXTENSIONS = YES;
				CLANG_ANALYZER_NONNULL = YES;
				CLANG_ANALYZER_NUMBER_OBJECT_CONVERSION = YES_AGGRESSIVE;
				CLANG_CXX_LANGUAGE_STANDARD = "gnu++20";
				CLANG_ENABLE_MODULES = YES;
				CLANG_ENABLE_OBJC_ARC = YES;
				CLANG_ENABLE_OBJC_WEAK = YES;
				CLANG_WARN_BLOCK_CAPTURE_AUTORELEASING = YES;
				CLANG_WARN_BOOL_CONVERSION = YES;
				CLANG_WARN_COMMA = YES;
				CLANG_WARN_CONSTANT_CONVERSION = YES;
				CLANG_WARN_DEPRECATED_OBJC_IMPLEMENTATIONS = YES;
				CLANG_WARN_DIRECT_OBJC_ISA_USAGE = YES_ERROR;
				CLANG_WARN_DOCUMENTATION_COMMENTS = YES;
				CLANG_WARN_EMPTY_BODY = YES;
				CLANG_WARN_ENUM_CONVERSION = YES;
				CLANG_WARN_INFINITE_RECURSION = YES;
				CLANG_WARN_INT_CONVERSION = YES;
				CLANG_WARN_NON_LITERAL_NULL_CONVERSION = YES;
				CLANG_WARN_OBJC_IMPLICIT_RETAIN_SELF = YES;
				CLANG_WARN_OBJC_LITERAL_CONVERSION = YES;
				CLANG_WARN_OBJC_ROOT_CLASS = YES_ERROR;
				CLANG_WARN_QUOTED_INCLUDE_IN_FRAMEWORK_HEADER = YES;
				CLANG_WARN_RANGE_LOOP_ANALYSIS = YES;
				CLANG_WARN_STRICT_PROTOTYPES = YES;
				CLANG_WARN_SUSPICIOUS_MOVE = YES;
				CLANG_WARN_UNGUARDED_AVAILABILITY = YES_AGGRESSIVE;
				CLANG_WARN_UNREACHABLE_CODE = YES;
				CLANG_WARN__DUPLICATE_METHOD_MATCH = YES;
				COPY_PHASE_STRIP = NO;
				DEBUG_INFORMATION_FORMAT = "dwarf-with-dsym";
				DEVELOPMENT_TEAM = X47885HM53;
				ENABLE_NS_ASSERTIONS = NO;
				ENABLE_STRICT_OBJC_MSGSEND = YES;
				ENABLE_USER_SCRIPT_SANDBOXING = YES;
				GCC_C_LANGUAGE_STANDARD = gnu17;
				GCC_NO_COMMON_BLOCKS = YES;
				GCC_WARN_64_TO_32_BIT_CONVERSION = YES;
				GCC_WARN_ABOUT_RETURN_TYPE = YES_ERROR;
				GCC_WARN_UNDECLARED_SELECTOR = YES;
				GCC_WARN_UNINITIALIZED_AUTOS = YES_AGGRESSIVE;
				GCC_WARN_UNUSED_FUNCTION = YES;
				GCC_WARN_UNUSED_VARIABLE = YES;
				IPHONEOS_DEPLOYMENT_TARGET = 26.4;
				LOCALIZATION_PREFERS_STRING_CATALOGS = YES;
				MTL_ENABLE_DEBUG_INFO = NO;
				MTL_FAST_MATH = YES;
				SDKROOT = iphoneos;
				SWIFT_COMPILATION_MODE = wholemodule;
				VALIDATE_PRODUCT = YES;
			};
			name = Release;
		};
		2F14B6892F7EA07B00DE5212 /* Debug */ = {
			isa = XCBuildConfiguration;
			buildSettings = {
				ASSETCATALOG_COMPILER_APPICON_NAME = AppIcon;
				ASSETCATALOG_COMPILER_GLOBAL_ACCENT_COLOR_NAME = AccentColor;
				CODE_SIGN_ENTITLEMENTS = "Remote Widget/Remote Widget.entitlements";
				CODE_SIGN_STYLE = Automatic;
				CURRENT_PROJECT_VERSION = 1;
				DEVELOPMENT_TEAM = X47885HM53;
				ENABLE_PREVIEWS = YES;
				GENERATE_INFOPLIST_FILE = YES;
				INFOPLIST_FILE = "Remote-Widget-Info.plist";
				INFOPLIST_KEY_CFBundleDisplayName = "🐈‍⬛ Widget";
				INFOPLIST_KEY_ITSAppUsesNonExemptEncryption = NO;
				INFOPLIST_KEY_LSApplicationCategoryType = "public.app-category.utilities";
				INFOPLIST_KEY_NSCameraUsageDescription = "This app needs camera to scan barcodes";
				INFOPLIST_KEY_NSSupportsLiveActivities = YES;
				INFOPLIST_KEY_NSSupportsLiveActivitiesFrequentUpdates = YES;
				INFOPLIST_KEY_UIApplicationSceneManifest_Generation = YES;
				INFOPLIST_KEY_UIApplicationSupportsIndirectInputEvents = YES;
				INFOPLIST_KEY_UILaunchScreen_Generation = YES;
				INFOPLIST_KEY_UISupportedInterfaceOrientations_iPad = "UIInterfaceOrientationPortrait UIInterfaceOrientationPortraitUpsideDown UIInterfaceOrientationLandscapeLeft UIInterfaceOrientationLandscapeRight";
				INFOPLIST_KEY_UISupportedInterfaceOrientations_iPhone = "UIInterfaceOrientationPortrait UIInterfaceOrientationLandscapeLeft UIInterfaceOrientationLandscapeRight";
				LD_RUNPATH_SEARCH_PATHS = (
					"$(inherited)",
					"@executable_path/Frameworks",
				);
				MARKETING_VERSION = 1.3;
				PRODUCT_BUNDLE_IDENTIFIER = com.shaffex.remotewidget;
				PRODUCT_NAME = "$(TARGET_NAME)";
				STRING_CATALOG_GENERATE_SYMBOLS = YES;
				SWIFT_APPROACHABLE_CONCURRENCY = YES;
				SWIFT_DEFAULT_ACTOR_ISOLATION = MainActor;
				SWIFT_EMIT_LOC_STRINGS = YES;
				SWIFT_UPCOMING_FEATURE_MEMBER_IMPORT_VISIBILITY = YES;
				SWIFT_VERSION = 5.0;
				TARGETED_DEVICE_FAMILY = "1,2";
			};
			name = Debug;
		};
		2F14B68A2F7EA07B00DE5212 /* Release */ = {
			isa = XCBuildConfiguration;
			buildSettings = {
				ASSETCATALOG_COMPILER_APPICON_NAME = AppIcon;
				ASSETCATALOG_COMPILER_GLOBAL_ACCENT_COLOR_NAME = AccentColor;
				CODE_SIGN_ENTITLEMENTS = "Remote Widget/Remote Widget.entitlements";
				CODE_SIGN_STYLE = Automatic;
				CURRENT_PROJECT_VERSION = 1;
				DEVELOPMENT_TEAM = X47885HM53;
				ENABLE_PREVIEWS = YES;
				GENERATE_INFOPLIST_FILE = YES;
				INFOPLIST_FILE = "Remote-Widget-Info.plist";
				INFOPLIST_KEY_CFBundleDisplayName = "🐈‍⬛ Widget";
				INFOPLIST_KEY_ITSAppUsesNonExemptEncryption = NO;
				INFOPLIST_KEY_LSApplicationCategoryType = "public.app-category.utilities";
				INFOPLIST_KEY_NSCameraUsageDescription = "This app needs camera to scan barcodes";
				INFOPLIST_KEY_NSSupportsLiveActivities = YES;
				INFOPLIST_KEY_NSSupportsLiveActivitiesFrequentUpdates = YES;
				INFOPLIST_KEY_UIApplicationSceneManifest_Generation = YES;
				INFOPLIST_KEY_UIApplicationSupportsIndirectInputEvents = YES;
				INFOPLIST_KEY_UILaunchScreen_Generation = YES;
				INFOPLIST_KEY_UISupportedInterfaceOrientations_iPad = "UIInterfaceOrientationPortrait UIInterfaceOrientationPortraitUpsideDown UIInterfaceOrientationLandscapeLeft UIInterfaceOrientationLandscapeRight";
				INFOPLIST_KEY_UISupportedInterfaceOrientations_iPhone = "UIInterfaceOrientationPortrait UIInterfaceOrientationLandscapeLeft UIInterfaceOrientationLandscapeRight";
				LD_RUNPATH_SEARCH_PATHS = (
					"$(inherited)",
					"@executable_path/Frameworks",
				);
				MARKETING_VERSION = 1.3;
				PRODUCT_BUNDLE_IDENTIFIER = com.shaffex.remotewidget;
				PRODUCT_NAME = "$(TARGET_NAME)";
				STRING_CATALOG_GENERATE_SYMBOLS = YES;
				SWIFT_APPROACHABLE_CONCURRENCY = YES;
				SWIFT_DEFAULT_ACTOR_ISOLATION = MainActor;
				SWIFT_EMIT_LOC_STRINGS = YES;
				SWIFT_UPCOMING_FEATURE_MEMBER_IMPORT_VISIBILITY = YES;
				SWIFT_VERSION = 5.0;
				TARGETED_DEVICE_FAMILY = "1,2";
			};
			name = Release;
		};
		2F14B71D2F7EA6DE00DE5212 /* Debug */ = {
			isa = XCBuildConfiguration;
			buildSettings = {
				ASSETCATALOG_COMPILER_GLOBAL_ACCENT_COLOR_NAME = AccentColor;
				ASSETCATALOG_COMPILER_WIDGET_BACKGROUND_COLOR_NAME = WidgetBackground;
				CODE_SIGN_ENTITLEMENTS = WidgetExtensionExtension.entitlements;
				CODE_SIGN_STYLE = Automatic;
				CURRENT_PROJECT_VERSION = 1;
				DEVELOPMENT_TEAM = X47885HM53;
				GENERATE_INFOPLIST_FILE = YES;
				INFOPLIST_FILE = WidgetExtension/Info.plist;
				INFOPLIST_KEY_CFBundleDisplayName = WidgetExtension;
				INFOPLIST_KEY_NSHumanReadableCopyright = "";
				LD_RUNPATH_SEARCH_PATHS = (
					"$(inherited)",
					"@executable_path/Frameworks",
					"@executable_path/../../Frameworks",
				);
				MARKETING_VERSION = 1.0;
				PRODUCT_BUNDLE_IDENTIFIER = com.shaffex.remotewidget.WidgetExtension;
				PRODUCT_NAME = "$(TARGET_NAME)";
				SKIP_INSTALL = YES;
				STRING_CATALOG_GENERATE_SYMBOLS = YES;
				SWIFT_APPROACHABLE_CONCURRENCY = YES;
				SWIFT_EMIT_LOC_STRINGS = YES;
				SWIFT_UPCOMING_FEATURE_MEMBER_IMPORT_VISIBILITY = YES;
				SWIFT_VERSION = 5.0;
				TARGETED_DEVICE_FAMILY = "1,2";
			};
			name = Debug;
		};
		2F14B71E2F7EA6DE00DE5212 /* Release */ = {
			isa = XCBuildConfiguration;
			buildSettings = {
				ASSETCATALOG_COMPILER_GLOBAL_ACCENT_COLOR_NAME = AccentColor;
				ASSETCATALOG_COMPILER_WIDGET_BACKGROUND_COLOR_NAME = WidgetBackground;
				CODE_SIGN_ENTITLEMENTS = WidgetExtensionExtension.entitlements;
				CODE_SIGN_STYLE = Automatic;
				CURRENT_PROJECT_VERSION = 1;
				DEVELOPMENT_TEAM = X47885HM53;
				GENERATE_INFOPLIST_FILE = YES;
				INFOPLIST_FILE = WidgetExtension/Info.plist;
				INFOPLIST_KEY_CFBundleDisplayName = WidgetExtension;
				INFOPLIST_KEY_NSHumanReadableCopyright = "";
				LD_RUNPATH_SEARCH_PATHS = (
					"$(inherited)",
					"@executable_path/Frameworks",
					"@executable_path/../../Frameworks",
				);
				MARKETING_VERSION = 1.0;
				PRODUCT_BUNDLE_IDENTIFIER = com.shaffex.remotewidget.WidgetExtension;
				PRODUCT_NAME = "$(TARGET_NAME)";
				SKIP_INSTALL = YES;
				STRING_CATALOG_GENERATE_SYMBOLS = YES;
				SWIFT_APPROACHABLE_CONCURRENCY = YES;
				SWIFT_EMIT_LOC_STRINGS = YES;
				SWIFT_UPCOMING_FEATURE_MEMBER_IMPORT_VISIBILITY = YES;
				SWIFT_VERSION = 5.0;
				TARGETED_DEVICE_FAMILY = "1,2";
			};
			name = Release;
		};
/* End XCBuildConfiguration section */

/* Begin XCConfigurationList section */
		2F14B6782F7EA07A00DE5212 /* Build configuration list for PBXProject "Remote Widget" */ = {
			isa = XCConfigurationList;
			buildConfigurations = (
				2F14B6862F7EA07B00DE5212 /* Debug */,
				2F14B6872F7EA07B00DE5212 /* Release */,
			);
			defaultConfigurationIsVisible = 0;
			defaultConfigurationName = Release;
		};
		2F14B6882F7EA07B00DE5212 /* Build configuration list for PBXNativeTarget "Remote Widget" */ = {
			isa = XCConfigurationList;
			buildConfigurations = (
				2F14B6892F7EA07B00DE5212 /* Debug */,
				2F14B68A2F7EA07B00DE5212 /* Release */,
			);
			defaultConfigurationIsVisible = 0;
			defaultConfigurationName = Release;
		};
		2F14B71C2F7EA6DE00DE5212 /* Build configuration list for PBXNativeTarget "WidgetExtensionExtension" */ = {
			isa = XCConfigurationList;
			buildConfigurations = (
				2F14B71D2F7EA6DE00DE5212 /* Debug */,
				2F14B71E2F7EA6DE00DE5212 /* Release */,
			);
			defaultConfigurationIsVisible = 0;
			defaultConfigurationName = Release;
		};
/* End XCConfigurationList section */

/* Begin XCRemoteSwiftPackageReference section */
		2F14B7212F7EA6FD00DE5212 /* XCRemoteSwiftPackageReference "magicwidget" */ = {
			isa = XCRemoteSwiftPackageReference;
			repositoryURL = "https://github.com/shaffex/magicwidget.git";
			requirement = {
				branch = main;
				kind = branch;
			};
		};
/* End XCRemoteSwiftPackageReference section */

/* Begin XCSwiftPackageProductDependency section */
		2F14B7222F7EA6FD00DE5212 /* MagicWidget */ = {
			isa = XCSwiftPackageProductDependency;
			package = 2F14B7212F7EA6FD00DE5212 /* XCRemoteSwiftPackageReference "magicwidget" */;
			productName = MagicWidget;
		};
		2F14B72C2F7EAB5B00DE5212 /* MagicWidget */ = {
			isa = XCSwiftPackageProductDependency;
			package = 2F14B7212F7EA6FD00DE5212 /* XCRemoteSwiftPackageReference "magicwidget" */;
			productName = MagicWidget;
		};
/* End XCSwiftPackageProductDependency section */
	};
	rootObject = 2F14B6752F7EA07A00DE5212 /* Project object */;
}
